// !$*UTF8*$!
{
	archiveVersion = 1;
	classes = {
	};
	objectVersion = 56;
	objects = {

/* Begin PBXBuildFile section */
		1437F7B3292E1AA800D64D0A /* AddEntryView.swift in Sources */ = {isa = PBXBuildFile; fileRef = 1437F7B2292E1AA800D64D0A /* AddEntryView.swift */; };
		147FE642292B5A4D00EFA725 /* FoodJournalAppApp.swift in Sources */ = {isa = PBXBuildFile; fileRef = 147FE641292B5A4D00EFA725 /* FoodJournalAppApp.swift */; };
		147FE644292B5A4D00EFA725 /* ContentView.swift in Sources */ = {isa = PBXBuildFile; fileRef = 147FE643292B5A4D00EFA725 /* ContentView.swift */; };
		147FE646292B5A4E00EFA725 /* Assets.xcassets in Resources */ = {isa = PBXBuildFile; fileRef = 147FE645292B5A4E00EFA725 /* Assets.xcassets */; };
		147FE649292B5A4E00EFA725 /* Preview Assets.xcassets in Resources */ = {isa = PBXBuildFile; fileRef = 147FE648292B5A4E00EFA725 /* Preview Assets.xcassets */; };
		147FE650292B5C6F00EFA725 /* HomeView.swift in Sources */ = {isa = PBXBuildFile; fileRef = 147FE64F292B5C6F00EFA725 /* HomeView.swift */; };
		149A7164292C81810049A7B4 /* SettingsView.swift in Sources */ = {isa = PBXBuildFile; fileRef = 149A7163292C81810049A7B4 /* SettingsView.swift */; };
		149A7167292C89420049A7B4 /* Utilities.swift in Sources */ = {isa = PBXBuildFile; fileRef = 149A7166292C89420049A7B4 /* Utilities.swift */; };
		149A7169292C8B0A0049A7B4 /* Camera.swift in Sources */ = {isa = PBXBuildFile; fileRef = 149A7168292C8B0A0049A7B4 /* Camera.swift */; };
		14C975F6292CD054001DD749 /* EntryViewModel.swift in Sources */ = {isa = PBXBuildFile; fileRef = 14C975F5292CD054001DD749 /* EntryViewModel.swift */; };
/* End PBXBuildFile section */

/* Begin PBXFileReference section */
		1437F7B2292E1AA800D64D0A /* AddEntryView.swift */ = {isa = PBXFileReference; lastKnownFileType = sourcecode.swift; path = AddEntryView.swift; sourceTree = "<group>"; };
		147FE63E292B5A4D00EFA725 /* FoodJournalApp.app */ = {isa = PBXFileReference; explicitFileType = wrapper.application; includeInIndex = 0; path = FoodJournalApp.app; sourceTree = BUILT_PRODUCTS_DIR; };
		147FE641292B5A4D00EFA725 /* FoodJournalAppApp.swift */ = {isa = PBXFileReference; lastKnownFileType = sourcecode.swift; path = FoodJournalAppApp.swift; sourceTree = "<group>"; };
		147FE643292B5A4D00EFA725 /* ContentView.swift */ = {isa = PBXFileReference; lastKnownFileType = sourcecode.swift; path = ContentView.swift; sourceTree = "<group>"; };
		147FE645292B5A4E00EFA725 /* Assets.xcassets */ = {isa = PBXFileReference; lastKnownFileType = folder.assetcatalog; path = Assets.xcassets; sourceTree = "<group>"; };
		147FE648292B5A4E00EFA725 /* Preview Assets.xcassets */ = {isa = PBXFileReference; lastKnownFileType = folder.assetcatalog; path = "Preview Assets.xcassets"; sourceTree = "<group>"; };
		147FE64F292B5C6F00EFA725 /* HomeView.swift */ = {isa = PBXFileReference; lastKnownFileType = sourcecode.swift; path = HomeView.swift; sourceTree = "<group>"; };
		149A7163292C81810049A7B4 /* SettingsView.swift */ = {isa = PBXFileReference; lastKnownFileType = sourcecode.swift; path = SettingsView.swift; sourceTree = "<group>"; };
		149A7166292C89420049A7B4 /* Utilities.swift */ = {isa = PBXFileReference; lastKnownFileType = sourcecode.swift; path = Utilities.swift; sourceTree = "<group>"; };
		149A7168292C8B0A0049A7B4 /* Camera.swift */ = {isa = PBXFileReference; lastKnownFileType = sourcecode.swift; path = Camera.swift; sourceTree = "<group>"; };
		14C975F5292CD054001DD749 /* EntryViewModel.swift */ = {isa = PBXFileReference; lastKnownFileType = sourcecode.swift; path = EntryViewModel.swift; sourceTree = "<group>"; };
/* End PBXFileReference section */

/* Begin PBXFrameworksBuildPhase section */
		147FE63B292B5A4D00EFA725 /* Frameworks */ = {
			isa = PBXFrameworksBuildPhase;
			buildActionMask = 2147483647;
			files = (
			);
			runOnlyForDeploymentPostprocessing = 0;
		};
/* End PBXFrameworksBuildPhase section */

/* Begin PBXGroup section */
		145AE520292B650C005EABA3 /* Views */ = {
			isa = PBXGroup;
			children = (
				147FE64F292B5C6F00EFA725 /* HomeView.swift */,
				149A7163292C81810049A7B4 /* SettingsView.swift */,
				1437F7B2292E1AA800D64D0A /* AddEntryView.swift */,
			);
			path = Views;
			sourceTree = "<group>";
		};
		147FE635292B5A4D00EFA725 = {
			isa = PBXGroup;
			children = (
				147FE640292B5A4D00EFA725 /* FoodJournalApp */,
				147FE63F292B5A4D00EFA725 /* Products */,
			);
			sourceTree = "<group>";
		};
		147FE63F292B5A4D00EFA725 /* Products */ = {
			isa = PBXGroup;
			children = (
				147FE63E292B5A4D00EFA725 /* FoodJournalApp.app */,
			);
			name = Products;
			sourceTree = "<group>";
		};
		147FE640292B5A4D00EFA725 /* FoodJournalApp */ = {
			isa = PBXGroup;
			children = (
				14C975F4292CD020001DD749 /* Models */,
				149A7165292C892A0049A7B4 /* Utilities */,
				145AE520292B650C005EABA3 /* Views */,
				147FE641292B5A4D00EFA725 /* FoodJournalAppApp.swift */,
				147FE643292B5A4D00EFA725 /* ContentView.swift */,
				147FE645292B5A4E00EFA725 /* Assets.xcassets */,
				147FE647292B5A4E00EFA725 /* Preview Content */,
			);
			path = FoodJournalApp;
			sourceTree = "<group>";
		};
		147FE647292B5A4E00EFA725 /* Preview Content */ = {
			isa = PBXGroup;
			children = (
				147FE648292B5A4E00EFA725 /* Preview Assets.xcassets */,
			);
			path = "Preview Content";
			sourceTree = "<group>";
		};
		149A7165292C892A0049A7B4 /* Utilities */ = {
			isa = PBXGroup;
			children = (
				149A7166292C89420049A7B4 /* Utilities.swift */,
				149A7168292C8B0A0049A7B4 /* Camera.swift */,
			);
			path = Utilities;
			sourceTree = "<group>";
		};
		14C975F4292CD020001DD749 /* Models */ = {
			isa = PBXGroup;
			children = (
				14C975F5292CD054001DD749 /* EntryViewModel.swift */,
			);
			path = Models;
			sourceTree = "<group>";
		};
/* End PBXGroup section */

/* Begin PBXNativeTarget section */
		147FE63D292B5A4D00EFA725 /* FoodJournalApp */ = {
			isa = PBXNativeTarget;
			buildConfigurationList = 147FE64C292B5A4E00EFA725 /* Build configuration list for PBXNativeTarget "FoodJournalApp" */;
			buildPhases = (
				147FE63A292B5A4D00EFA725 /* Sources */,
				147FE63B292B5A4D00EFA725 /* Frameworks */,
				147FE63C292B5A4D00EFA725 /* Resources */,
			);
			buildRules = (
			);
			dependencies = (
			);
			name = FoodJournalApp;
			productName = FoodJournalApp;
			productReference = 147FE63E292B5A4D00EFA725 /* FoodJournalApp.app */;
			productType = "com.apple.product-type.application";
		};
/* End PBXNativeTarget section */

/* Begin PBXProject section */
		147FE636292B5A4D00EFA725 /* Project object */ = {
			isa = PBXProject;
			attributes = {
				BuildIndependentTargetsInParallel = 1;
				LastSwiftUpdateCheck = 1410;
				LastUpgradeCheck = 1410;
				TargetAttributes = {
					147FE63D292B5A4D00EFA725 = {
						CreatedOnToolsVersion = 14.1;
					};
				};
			};
			buildConfigurationList = 147FE639292B5A4D00EFA725 /* Build configuration list for PBXProject "FoodJournalApp" */;
			compatibilityVersion = "Xcode 14.0";
			developmentRegion = en;
			hasScannedForEncodings = 0;
			knownRegions = (
				en,
				Base,
			);
			mainGroup = 147FE635292B5A4D00EFA725;
			productRefGroup = 147FE63F292B5A4D00EFA725 /* Products */;
			projectDirPath = "";
			projectRoot = "";
			targets = (
				147FE63D292B5A4D00EFA725 /* FoodJournalApp */,
			);
		};
/* End PBXProject section */

/* Begin PBXResourcesBuildPhase section */
		147FE63C292B5A4D00EFA725 /* Resources */ = {
			isa = PBXResourcesBuildPhase;
			buildActionMask = 2147483647;
			files = (
				147FE649292B5A4E00EFA725 /* Preview Assets.xcassets in Resources */,
				147FE646292B5A4E00EFA725 /* Assets.xcassets in Resources */,
			);
			runOnlyForDeploymentPostprocessing = 0;
		};
/* End PBXResourcesBuildPhase section */

/* Begin PBXSourcesBuildPhase section */
		147FE63A292B5A4D00EFA725 /* Sources */ = {
			isa = PBXSourcesBuildPhase;
			buildActionMask = 2147483647;
			files = (
				149A7167292C89420049A7B4 /* Utilities.swift in Sources */,
				149A7164292C81810049A7B4 /* SettingsView.swift in Sources */,
				147FE650292B5C6F00EFA725 /* HomeView.swift in Sources */,
				147FE644292B5A4D00EFA725 /* ContentView.swift in Sources */,
				14C975F6292CD054001DD749 /* EntryViewModel.swift in Sources */,
				1437F7B3292E1AA800D64D0A /* AddEntryView.swift in Sources */,
				149A7169292C8B0A0049A7B4 /* Camera.swift in Sources */,
				147FE642292B5A4D00EFA725 /* FoodJournalAppApp.swift in Sources */,
			);
			runOnlyForDeploymentPostprocessing = 0;
		};
/* End PBXSourcesBuildPhase section */

/* Begin XCBuildConfiguration section */
		147FE64A292B5A4E00EFA725 /* Debug */ = {
			isa = XCBuildConfiguration;
			buildSettings = {
				ALWAYS_SEARCH_USER_PATHS = NO;
				CLANG_ANALYZER_NONNULL = YES;
				CLANG_ANALYZER_NUMBER_OBJECT_CONVERSION = YES_AGGRESSIVE;
				CLANG_CXX_LANGUAGE_STANDARD = "gnu++20";
				CLANG_ENABLE_MODULES = YES;
				CLANG_ENABLE_OBJC_ARC = YES;
				CLANG_ENABLE_OBJC_WEAK = YES;
				CLANG_WARN_BLOCK_CAPTURE_AUTORELEASING = YES;
				CLANG_WARN_BOOL_CONVERSION = YES;
				CLANG_WARN_COMMA = YES;
				CLANG_WARN_CONSTANT_CONVERSION = YES;
				CLANG_WARN_DEPRECATED_OBJC_IMPLEMENTATIONS = YES;
				CLANG_WARN_DIRECT_OBJC_ISA_USAGE = YES_ERROR;
				CLANG_WARN_DOCUMENTATION_COMMENTS = YES;
				CLANG_WARN_EMPTY_BODY = YES;
				CLANG_WARN_ENUM_CONVERSION = YES;
				CLANG_WARN_INFINITE_RECURSION = YES;
				CLANG_WARN_INT_CONVERSION = YES;
				CLANG_WARN_NON_LITERAL_NULL_CONVERSION = YES;
				CLANG_WARN_OBJC_IMPLICIT_RETAIN_SELF = YES;
				CLANG_WARN_OBJC_LITERAL_CONVERSION = YES;
				CLANG_WARN_OBJC_ROOT_CLASS = YES_ERROR;
				CLANG_WARN_QUOTED_INCLUDE_IN_FRAMEWORK_HEADER = YES;
				CLANG_WARN_RANGE_LOOP_ANALYSIS = YES;
				CLANG_WARN_STRICT_PROTOTYPES = YES;
				CLANG_WARN_SUSPICIOUS_MOVE = YES;
				CLANG_WARN_UNGUARDED_AVAILABILITY = YES_AGGRESSIVE;
				CLANG_WARN_UNREACHABLE_CODE = YES;
				CLANG_WARN__DUPLICATE_METHOD_MATCH = YES;
				COPY_PHASE_STRIP = NO;
				DEBUG_INFORMATION_FORMAT = dwarf;
				ENABLE_STRICT_OBJC_MSGSEND = YES;
				ENABLE_TESTABILITY = YES;
				GCC_C_LANGUAGE_STANDARD = gnu11;
				GCC_DYNAMIC_NO_PIC = NO;
				GCC_NO_COMMON_BLOCKS = YES;
				GCC_OPTIMIZATION_LEVEL = 0;
				GCC_PREPROCESSOR_DEFINITIONS = (
					"DEBUG=1",
					"$(inherited)",
				);
				GCC_WARN_64_TO_32_BIT_CONVERSION = YES;
				GCC_WARN_ABOUT_RETURN_TYPE = YES_ERROR;
				GCC_WARN_UNDECLARED_SELECTOR = YES;
				GCC_WARN_UNINITIALIZED_AUTOS = YES_AGGRESSIVE;
				GCC_WARN_UNUSED_FUNCTION = YES;
				GCC_WARN_UNUSED_VARIABLE = YES;
				IPHONEOS_DEPLOYMENT_TARGET = 16.1;
				MTL_ENABLE_DEBUG_INFO = INCLUDE_SOURCE;
				MTL_FAST_MATH = YES;
				ONLY_ACTIVE_ARCH = YES;
				SDKROOT = iphoneos;
				SWIFT_ACTIVE_COMPILATION_CONDITIONS = DEBUG;
				SWIFT_OPTIMIZATION_LEVEL = "-Onone";
			};
			name = Debug;
		};
		147FE64B292B5A4E00EFA725 /* Release */ = {
			isa = XCBuildConfiguration;
			buildSettings = {
				ALWAYS_SEARCH_USER_PATHS = NO;
				CLANG_ANALYZER_NONNULL = YES;
				CLANG_ANALYZER_NUMBER_OBJECT_CONVERSION = YES_AGGRESSIVE;
				CLANG_CXX_LANGUAGE_STANDARD = "gnu++20";
				CLANG_ENABLE_MODULES = YES;
				CLANG_ENABLE_OBJC_ARC = YES;
				CLANG_ENABLE_OBJC_WEAK = YES;
				CLANG_WARN_BLOCK_CAPTURE_AUTORELEASING = YES;
				CLANG_WARN_BOOL_CONVERSION = YES;
				CLANG_WARN_COMMA = YES;
				CLANG_WARN_CONSTANT_CONVERSION = YES;
				CLANG_WARN_DEPRECATED_OBJC_IMPLEMENTATIONS = YES;
				CLANG_WARN_DIRECT_OBJC_ISA_USAGE = YES_ERROR;
				CLANG_WARN_DOCUMENTATION_COMMENTS = YES;
				CLANG_WARN_EMPTY_BODY = YES;
				CLANG_WARN_ENUM_CONVERSION = YES;
				CLANG_WARN_INFINITE_RECURSION = YES;
				CLANG_WARN_INT_CONVERSION = YES;
				CLANG_WARN_NON_LITERAL_NULL_CONVERSION = YES;
				CLANG_WARN_OBJC_IMPLICIT_RETAIN_SELF = YES;
				CLANG_WARN_OBJC_LITERAL_CONVERSION = YES;
				CLANG_WARN_OBJC_ROOT_CLASS = YES_ERROR;
				CLANG_WARN_QUOTED_INCLUDE_IN_FRAMEWORK_HEADER = YES;
				CLANG_WARN_RANGE_LOOP_ANALYSIS = YES;
				CLANG_WARN_STRICT_PROTOTYPES = YES;
				CLANG_WARN_SUSPICIOUS_MOVE = YES;
				CLANG_WARN_UNGUARDED_AVAILABILITY = YES_AGGRESSIVE;
				CLANG_WARN_UNREACHABLE_CODE = YES;
				CLANG_WARN__DUPLICATE_METHOD_MATCH = YES;
				COPY_PHASE_STRIP = NO;
				DEBUG_INFORMATION_FORMAT = "dwarf-with-dsym";
				ENABLE_NS_ASSERTIONS = NO;
				ENABLE_STRICT_OBJC_MSGSEND = YES;
				GCC_C_LANGUAGE_STANDARD = gnu11;
				GCC_NO_COMMON_BLOCKS = YES;
				GCC_WARN_64_TO_32_BIT_CONVERSION = YES;
				GCC_WARN_ABOUT_RETURN_TYPE = YES_ERROR;
				GCC_WARN_UNDECLARED_SELECTOR = YES;
				GCC_WARN_UNINITIALIZED_AUTOS = YES_AGGRESSIVE;
				GCC_WARN_UNUSED_FUNCTION = YES;
				GCC_WARN_UNUSED_VARIABLE = YES;
				IPHONEOS_DEPLOYMENT_TARGET = 16.1;
				MTL_ENABLE_DEBUG_INFO = NO;
				MTL_FAST_MATH = YES;
				SDKROOT = iphoneos;
				SWIFT_COMPILATION_MODE = wholemodule;
				SWIFT_OPTIMIZATION_LEVEL = "-O";
				VALIDATE_PRODUCT = YES;
			};
			name = Release;
		};
		147FE64D292B5A4E00EFA725 /* Debug */ = {
			isa = XCBuildConfiguration;
			buildSettings = {
				ASSETCATALOG_COMPILER_APPICON_NAME = AppIcon;
				ASSETCATALOG_COMPILER_GLOBAL_ACCENT_COLOR_NAME = AccentColor;
				CODE_SIGN_STYLE = Automatic;
				CURRENT_PROJECT_VERSION = 1;
				DEVELOPMENT_ASSET_PATHS = "\"FoodJournalApp/Preview Content\"";
				DEVELOPMENT_TEAM = BSKUDA96TU;
				ENABLE_PREVIEWS = YES;
				GENERATE_INFOPLIST_FILE = YES;
				INFOPLIST_KEY_NSCameraUsageDescription = "This app needs access to your Camera inorder to create entries";
				INFOPLIST_KEY_UIApplicationSceneManifest_Generation = YES;
				INFOPLIST_KEY_UIApplicationSupportsIndirectInputEvents = YES;
				INFOPLIST_KEY_UILaunchScreen_Generation = YES;
				INFOPLIST_KEY_UISupportedInterfaceOrientations_iPad = "UIInterfaceOrientationPortrait UIInterfaceOrientationPortraitUpsideDown UIInterfaceOrientationLandscapeLeft UIInterfaceOrientationLandscapeRight";
				INFOPLIST_KEY_UISupportedInterfaceOrientations_iPhone = "UIInterfaceOrientationPortrait UIInterfaceOrientationLandscapeLeft UIInterfaceOrientationLandscapeRight";
				LD_RUNPATH_SEARCH_PATHS = (
					"$(inherited)",
					"@executable_path/Frameworks",
				);
				MARKETING_VERSION = 1.0;
				PRODUCT_BUNDLE_IDENTIFIER = com.jadencloete.FoodJournalApp;
				PRODUCT_NAME = "$(TARGET_NAME)";
				SWIFT_EMIT_LOC_STRINGS = YES;
				SWIFT_VERSION = 5.0;
				TARGETED_DEVICE_FAMILY = "1,2";
			};
			name = Debug;
		};
		147FE64E292B5A4E00EFA725 /* Release */ = {
			isa = XCBuildConfiguration;
			buildSettings = {
				ASSETCATALOG_COMPILER_APPICON_NAME = AppIcon;
				ASSETCATALOG_COMPILER_GLOBAL_ACCENT_COLOR_NAME = AccentColor;
				CODE_SIGN_STYLE = Automatic;
				CURRENT_PROJECT_VERSION = 1;
				DEVELOPMENT_ASSET_PATHS = "\"FoodJournalApp/Preview Content\"";
				DEVELOPMENT_TEAM = BSKUDA96TU;
				ENABLE_PREVIEWS = YES;
				GENERATE_INFOPLIST_FILE = YES;
				INFOPLIST_KEY_NSCameraUsageDescription = "This app needs access to your Camera inorder to create entries";
				INFOPLIST_KEY_UIApplicationSceneManifest_Generation = YES;
				INFOPLIST_KEY_UIApplicationSupportsIndirectInputEvents = YES;
				INFOPLIST_KEY_UILaunchScreen_Generation = YES;
				INFOPLIST_KEY_UISupportedInterfaceOrientations_iPad = "UIInterfaceOrientationPortrait UIInterfaceOrientationPortraitUpsideDown UIInterfaceOrientationLandscapeLeft UIInterfaceOrientationLandscapeRight";
				INFOPLIST_KEY_UISupportedInterfaceOrientations_iPhone = "UIInterfaceOrientationPortrait UIInterfaceOrientationLandscapeLeft UIInterfaceOrientationLandscapeRight";
				LD_RUNPATH_SEARCH_PATHS = (
					"$(inherited)",
					"@executable_path/Frameworks",
				);
				MARKETING_VERSION = 1.0;
				PRODUCT_BUNDLE_IDENTIFIER = com.jadencloete.FoodJournalApp;
				PRODUCT_NAME = "$(TARGET_NAME)";
				SWIFT_EMIT_LOC_STRINGS = YES;
				SWIFT_VERSION = 5.0;
				TARGETED_DEVICE_FAMILY = "1,2";
			};
			name = Release;
		};
/* End XCBuildConfiguration section */

/* Begin XCConfigurationList section */
		147FE639292B5A4D00EFA725 /* Build configuration list for PBXProject "FoodJournalApp" */ = {
			isa = XCConfigurationList;
			buildConfigurations = (
				147FE64A292B5A4E00EFA725 /* Debug */,
				147FE64B292B5A4E00EFA725 /* Release */,
			);
			defaultConfigurationIsVisible = 0;
			defaultConfigurationName = Release;
		};
		147FE64C292B5A4E00EFA725 /* Build configuration list for PBXNativeTarget "FoodJournalApp" */ = {
			isa = XCConfigurationList;
			buildConfigurations = (
				147FE64D292B5A4E00EFA725 /* Debug */,
				147FE64E292B5A4E00EFA725 /* Release */,
			);
			defaultConfigurationIsVisible = 0;
			defaultConfigurationName = Release;
		};
/* End XCConfigurationList section */
	};
	rootObject = 147FE636292B5A4D00EFA725 /* Project object */;
}
